{
  "name": "@chemicalheads/as-badlads-api-tests",
  "version": "0.1.0",
  "lockfileVersion": 3,
  "requires": true,
  "packages": {
    "": {
      "name": "@chemicalheads/as-badlads-api-tests",
      "version": "0.1.0",
      "dependencies": {
        "@chemicalheads/as-badlads": "^1.2.0"
      },
      "devDependencies": {
        "assemblyscript": "^0.18.28"
      }
    },
    "node_modules/@chemicalheads/as-badlads": {
      "version": "1.2.0",
      "resolved": "https://registry.npmjs.org/@chemicalheads/as-badlads/-/as-badlads-1.2.0.tgz",
      "integrity": "sha512-XOK1xfvdMc4Z5NpaIkKXaIaTHoihLLOB72dgu3PK1pBlFilLRdRi1iLmCDoI75XXV4bFu5AvKFo9uub+kgtCaw=="
    },
    "node_modules/assemblyscript": {
      "version": "0.18.32",
      "resolved": "https://registry.npmjs.org/assemblyscript/-/assemblyscript-0.18.32.tgz",
      "integrity": "sha512-Py6zremwGhO3nSoI/VxyVUzTZfNhTjzNzFDaUdG4JhPJHeG+FzVlEoNCrw4bE5nPc7F+P2DJ8tZQCqIt15ceKw==",
      "dev": true,
      "license": "Apache-2.0",
      "dependencies": {
        "binaryen": "100.0.0-nightly.20210413",
        "long": "^4.0.0"
      },
      "bin": {
        "asc": "bin/asc",
        "asinit": "bin/asinit"
      },
      "funding": {
        "type": "opencollective",
        "url": "https://opencollective.com/assemblyscript"
      }
    },
    "node_modules/binaryen": {
      "version": "100.0.0-nightly.20210413",
      "resolved": "https://registry.npmjs.org/binaryen/-/binaryen-100.0.0-nightly.20210413.tgz",
      "integrity": "sha512-EeGLIxQmJS0xnYl+SH34mNBqVMoixKd9nsE7S7z+CtS9A4eoWn3Qjav+XElgunUgXIHAI5yLnYT2TUGnLX2f1w==",
      "dev": true,
      "license": "Apache-2.0",
      "bin": {
        "wasm-opt": "bin/wasm-opt"
      }
    },
    "node_modules/long": {
      "version": "4.0.0",
      "resolved": "https://registry.npmjs.org/long/-/long-4.0.0.tgz",
      "integrity": "sha512-XsP+KhQif4bjX1kbuSiySJFNAehNxgLb6hPRGJ9QsUr8ajHkuXGdrHmFUTUUXhDwVX2R5bY4JNZEwbUiMhV+MA==",
      "dev": true,
      "license": "Apache-2.0"
    }
  }
}
